# This file is automatically @generated by Cargo.
# It is not intended for manual editing.
version = 4

[[package]]
name = "kagent-agent"
version = "0.1.0"
dependencies = [
 "kagent-core",
]

[[package]]
name = "kagent-cli"
version = "0.1.0"
dependencies = [
 "kagent-core",
 "kagent-ui",
]

[[package]]
name = "kagent-core"
version = "0.1.0"

[[package]]
name = "kagent-git"
version = "0.1.0"

[[package]]
name = "kagent-kitty"
version = "0.1.0"

[[package]]
name = "kagent-sango"
version = "0.1.0"

[[package]]
name = "kagent-ui"
version = "0.1.0"
dependencies = [
 "kagent-core",
]
